// !$*UTF8*$!
{
	archiveVersion = 1;
	classes = {
	};
	objectVersion = 50;
	objects = {

/* Begin PBXBuildFile section */
		4B0083E3217AD32100111DAC /* VirtualObjectLoader.swift in Sources */ = {isa = PBXBuildFile; fileRef = 4B0083CC217AD31F00111DAC /* VirtualObjectLoader.swift */; };
		4B0083E4217AD32100111DAC /* VirtualObject.swift in Sources */ = {isa = PBXBuildFile; fileRef = 4B0083CD217AD31F00111DAC /* VirtualObject.swift */; };
		4B0083E5217AD32100111DAC /* ViewController.swift in Sources */ = {isa = PBXBuildFile; fileRef = 4B0083CE217AD31F00111DAC /* ViewController.swift */; };
		4B0083E6217AD32100111DAC /* ViewController+ARSCNViewDelegate.swift in Sources */ = {isa = PBXBuildFile; fileRef = 4B0083CF217AD31F00111DAC /* ViewController+ARSCNViewDelegate.swift */; };
		4B0083E7217AD32100111DAC /* VirtualObjectInteraction.swift in Sources */ = {isa = PBXBuildFile; fileRef = 4B0083D0217AD31F00111DAC /* VirtualObjectInteraction.swift */; };
		4B0083E8217AD32100111DAC /* AppDelegate.swift in Sources */ = {isa = PBXBuildFile; fileRef = 4B0083D1217AD31F00111DAC /* AppDelegate.swift */; };
		4B0083E9217AD32100111DAC /* ViewController+Actions.swift in Sources */ = {isa = PBXBuildFile; fileRef = 4B0083D2217AD31F00111DAC /* ViewController+Actions.swift */; };
		4B0083EA217AD32100111DAC /* FocusSquareSegment.swift in Sources */ = {isa = PBXBuildFile; fileRef = 4B0083D4217AD31F00111DAC /* FocusSquareSegment.swift */; };
		4B0083EB217AD32100111DAC /* FocusSquare.swift in Sources */ = {isa = PBXBuildFile; fileRef = 4B0083D5217AD31F00111DAC /* FocusSquare.swift */; };
		4B0083EC217AD32100111DAC /* ThresholdPanGesture.swift in Sources */ = {isa = PBXBuildFile; fileRef = 4B0083D6217AD31F00111DAC /* ThresholdPanGesture.swift */; };
		4B0083ED217AD32100111DAC /* ViewController+ObjectSelection.swift in Sources */ = {isa = PBXBuildFile; fileRef = 4B0083D7217AD31F00111DAC /* ViewController+ObjectSelection.swift */; };
		4B0083F2217AD32100111DAC /* VirtualObjectSelection.swift in Sources */ = {isa = PBXBuildFile; fileRef = 4B0083DE217AD32100111DAC /* VirtualObjectSelection.swift */; };
		4B0083F3217AD32100111DAC /* StatusViewController.swift in Sources */ = {isa = PBXBuildFile; fileRef = 4B0083DF217AD32100111DAC /* StatusViewController.swift */; };
		4B0083F4217AD32100111DAC /* Utilities.swift in Sources */ = {isa = PBXBuildFile; fileRef = 4B0083E1217AD32100111DAC /* Utilities.swift */; };
		4B0083F6217AD3B100111DAC /* LaunchScreen.storyboard in Resources */ = {isa = PBXBuildFile; fileRef = 4F389781217AA8EA001DA848 /* LaunchScreen.storyboard */; };
		4B0083FA217AD64200111DAC /* Assets.xcassets in Resources */ = {isa = PBXBuildFile; fileRef = 4B0083F8217AD64100111DAC /* Assets.xcassets */; };
		4B0083FB217AD64200111DAC /* Models.scnassets in Resources */ = {isa = PBXBuildFile; fileRef = 4B0083F9217AD64200111DAC /* Models.scnassets */; };
		4B008419217ADE7500111DAC /* Main.storyboard in Resources */ = {isa = PBXBuildFile; fileRef = 4B008418217ADE7500111DAC /* Main.storyboard */; };
		4B99B7E6217C6A30005FAF2D /* products.json in Resources */ = {isa = PBXBuildFile; fileRef = 4B99B7E5217C6A30005FAF2D /* products.json */; };
		4F44DCCD217AAB240085113C /* Podfile in Resources */ = {isa = PBXBuildFile; fileRef = 4F44DCCC217AAB240085113C /* Podfile */; };
		4F44DCEE217C52960085113C /* ShrineFlexibleHeaderContainerViewController.swift in Sources */ = {isa = PBXBuildFile; fileRef = 4F44DCE6217C52930085113C /* ShrineFlexibleHeaderContainerViewController.swift */; };
		4F44DCEF217C52960085113C /* ShrineHeaderPage.swift in Sources */ = {isa = PBXBuildFile; fileRef = 4F44DCE7217C52940085113C /* ShrineHeaderPage.swift */; };
		4F44DCF0217C52960085113C /* ShrineCollectionViewCell.swift in Sources */ = {isa = PBXBuildFile; fileRef = 4F44DCE8217C52940085113C /* ShrineCollectionViewCell.swift */; };
		4F44DCF1217C52960085113C /* ShrineInkOverlay.swift in Sources */ = {isa = PBXBuildFile; fileRef = 4F44DCE9217C52950085113C /* ShrineInkOverlay.swift */; };
		4F44DCF2217C52960085113C /* ShrineHeaderContentView.swift in Sources */ = {isa = PBXBuildFile; fileRef = 4F44DCEA217C52950085113C /* ShrineHeaderContentView.swift */; };
		4F44DCF3217C52960085113C /* ShrineData.swift in Sources */ = {isa = PBXBuildFile; fileRef = 4F44DCEB217C52950085113C /* ShrineData.swift */; };
		4F44DCF4217C52960085113C /* ShrineDetailViewController.swift in Sources */ = {isa = PBXBuildFile; fileRef = 4F44DCEC217C52960085113C /* ShrineDetailViewController.swift */; };
		4F44DCF5217C52960085113C /* ShrineCollectionViewController.swift in Sources */ = {isa = PBXBuildFile; fileRef = 4F44DCED217C52960085113C /* ShrineCollectionViewController.swift */; };
		4F44DCF7217C63B80085113C /* VirtualObjectARView.swift in Sources */ = {isa = PBXBuildFile; fileRef = 4F44DCF6217C63B80085113C /* VirtualObjectARView.swift */; };
		93995048BF02B5B2172769DC /* Pods_HackHarvardTeamAJ.framework in Frameworks */ = {isa = PBXBuildFile; fileRef = C7F665737CAA698E52818AB8 /* Pods_HackHarvardTeamAJ.framework */; };
/* End PBXBuildFile section */

/* Begin PBXFileReference section */
		2EAFC7B26B085F798C8ABBE1 /* Pods-HackHarvardTeamAJ.debug.xcconfig */ = {isa = PBXFileReference; includeInIndex = 1; lastKnownFileType = text.xcconfig; name = "Pods-HackHarvardTeamAJ.debug.xcconfig"; path = "Pods/Target Support Files/Pods-HackHarvardTeamAJ/Pods-HackHarvardTeamAJ.debug.xcconfig"; sourceTree = "<group>"; };
		4B0083C9217AD31E00111DAC /* HackHarvardTeamAJ-Bridging-Header.h */ = {isa = PBXFileReference; lastKnownFileType = sourcecode.c.h; path = "HackHarvardTeamAJ-Bridging-Header.h"; sourceTree = "<group>"; };
		4B0083CC217AD31F00111DAC /* VirtualObjectLoader.swift */ = {isa = PBXFileReference; fileEncoding = 4; lastKnownFileType = sourcecode.swift; path = VirtualObjectLoader.swift; sourceTree = "<group>"; };
		4B0083CD217AD31F00111DAC /* VirtualObject.swift */ = {isa = PBXFileReference; fileEncoding = 4; lastKnownFileType = sourcecode.swift; path = VirtualObject.swift; sourceTree = "<group>"; };
		4B0083CE217AD31F00111DAC /* ViewController.swift */ = {isa = PBXFileReference; fileEncoding = 4; lastKnownFileType = sourcecode.swift; path = ViewController.swift; sourceTree = "<group>"; };
		4B0083CF217AD31F00111DAC /* ViewController+ARSCNViewDelegate.swift */ = {isa = PBXFileReference; fileEncoding = 4; lastKnownFileType = sourcecode.swift; path = "ViewController+ARSCNViewDelegate.swift"; sourceTree = "<group>"; };
		4B0083D0217AD31F00111DAC /* VirtualObjectInteraction.swift */ = {isa = PBXFileReference; fileEncoding = 4; lastKnownFileType = sourcecode.swift; path = VirtualObjectInteraction.swift; sourceTree = "<group>"; };
		4B0083D1217AD31F00111DAC /* AppDelegate.swift */ = {isa = PBXFileReference; fileEncoding = 4; lastKnownFileType = sourcecode.swift; path = AppDelegate.swift; sourceTree = "<group>"; };
		4B0083D2217AD31F00111DAC /* ViewController+Actions.swift */ = {isa = PBXFileReference; fileEncoding = 4; lastKnownFileType = sourcecode.swift; path = "ViewController+Actions.swift"; sourceTree = "<group>"; };
		4B0083D4217AD31F00111DAC /* FocusSquareSegment.swift */ = {isa = PBXFileReference; fileEncoding = 4; lastKnownFileType = sourcecode.swift; path = FocusSquareSegment.swift; sourceTree = "<group>"; };
		4B0083D5217AD31F00111DAC /* FocusSquare.swift */ = {isa = PBXFileReference; fileEncoding = 4; lastKnownFileType = sourcecode.swift; path = FocusSquare.swift; sourceTree = "<group>"; };
		4B0083D6217AD31F00111DAC /* ThresholdPanGesture.swift */ = {isa = PBXFileReference; fileEncoding = 4; lastKnownFileType = sourcecode.swift; path = ThresholdPanGesture.swift; sourceTree = "<group>"; };
		4B0083D7217AD31F00111DAC /* ViewController+ObjectSelection.swift */ = {isa = PBXFileReference; fileEncoding = 4; lastKnownFileType = sourcecode.swift; path = "ViewController+ObjectSelection.swift"; sourceTree = "<group>"; };
		4B0083DE217AD32100111DAC /* VirtualObjectSelection.swift */ = {isa = PBXFileReference; fileEncoding = 4; lastKnownFileType = sourcecode.swift; path = VirtualObjectSelection.swift; sourceTree = "<group>"; };
		4B0083DF217AD32100111DAC /* StatusViewController.swift */ = {isa = PBXFileReference; fileEncoding = 4; lastKnownFileType = sourcecode.swift; path = StatusViewController.swift; sourceTree = "<group>"; };
		4B0083E1217AD32100111DAC /* Utilities.swift */ = {isa = PBXFileReference; fileEncoding = 4; lastKnownFileType = sourcecode.swift; path = Utilities.swift; sourceTree = "<group>"; };
		4B0083F8217AD64100111DAC /* Assets.xcassets */ = {isa = PBXFileReference; lastKnownFileType = folder.assetcatalog; path = Assets.xcassets; sourceTree = "<group>"; };
		4B0083F9217AD64200111DAC /* Models.scnassets */ = {isa = PBXFileReference; lastKnownFileType = wrapper.scnassets; path = Models.scnassets; sourceTree = "<group>"; };
		4B008418217ADE7500111DAC /* Main.storyboard */ = {isa = PBXFileReference; fileEncoding = 4; lastKnownFileType = file.storyboard; path = Main.storyboard; sourceTree = "<group>"; };
		4B99B7E5217C6A30005FAF2D /* products.json */ = {isa = PBXFileReference; fileEncoding = 4; lastKnownFileType = text.json; path = products.json; sourceTree = "<group>"; };
		4B99B7E7217C6A3B005FAF2D /* AbrilFatface-Regular.ttf */ = {isa = PBXFileReference; lastKnownFileType = file; path = "AbrilFatface-Regular.ttf"; sourceTree = "<group>"; };
		4F389773217AA8E8001DA848 /* HackHarvardTeamAJ.app */ = {isa = PBXFileReference; explicitFileType = wrapper.application; includeInIndex = 0; path = HackHarvardTeamAJ.app; sourceTree = BUILT_PRODUCTS_DIR; };
		4F389782217AA8EA001DA848 /* Base */ = {isa = PBXFileReference; lastKnownFileType = file.storyboard; name = Base; path = Base.lproj/LaunchScreen.storyboard; sourceTree = "<group>"; };
		4F389784217AA8EA001DA848 /* Info.plist */ = {isa = PBXFileReference; lastKnownFileType = text.plist.xml; path = Info.plist; sourceTree = "<group>"; };
		4F44DCCC217AAB240085113C /* Podfile */ = {isa = PBXFileReference; explicitFileType = text.script.ruby; fileEncoding = 4; path = Podfile; sourceTree = SOURCE_ROOT; xcLanguageSpecificationIdentifier = xcode.lang.ruby; };
		4F44DCE6217C52930085113C /* ShrineFlexibleHeaderContainerViewController.swift */ = {isa = PBXFileReference; fileEncoding = 4; lastKnownFileType = sourcecode.swift; path = ShrineFlexibleHeaderContainerViewController.swift; sourceTree = "<group>"; };
		4F44DCE7217C52940085113C /* ShrineHeaderPage.swift */ = {isa = PBXFileReference; fileEncoding = 4; lastKnownFileType = sourcecode.swift; path = ShrineHeaderPage.swift; sourceTree = "<group>"; };
		4F44DCE8217C52940085113C /* ShrineCollectionViewCell.swift */ = {isa = PBXFileReference; fileEncoding = 4; lastKnownFileType = sourcecode.swift; path = ShrineCollectionViewCell.swift; sourceTree = "<group>"; };
		4F44DCE9217C52950085113C /* ShrineInkOverlay.swift */ = {isa = PBXFileReference; fileEncoding = 4; lastKnownFileType = sourcecode.swift; path = ShrineInkOverlay.swift; sourceTree = "<group>"; };
		4F44DCEA217C52950085113C /* ShrineHeaderContentView.swift */ = {isa = PBXFileReference; fileEncoding = 4; lastKnownFileType = sourcecode.swift; path = ShrineHeaderContentView.swift; sourceTree = "<group>"; };
		4F44DCEB217C52950085113C /* ShrineData.swift */ = {isa = PBXFileReference; fileEncoding = 4; lastKnownFileType = sourcecode.swift; path = ShrineData.swift; sourceTree = "<group>"; };
		4F44DCEC217C52960085113C /* ShrineDetailViewController.swift */ = {isa = PBXFileReference; fileEncoding = 4; lastKnownFileType = sourcecode.swift; path = ShrineDetailViewController.swift; sourceTree = "<group>"; };
		4F44DCED217C52960085113C /* ShrineCollectionViewController.swift */ = {isa = PBXFileReference; fileEncoding = 4; lastKnownFileType = sourcecode.swift; path = ShrineCollectionViewController.swift; sourceTree = "<group>"; };
		4F44DCF6217C63B80085113C /* VirtualObjectARView.swift */ = {isa = PBXFileReference; fileEncoding = 4; lastKnownFileType = sourcecode.swift; path = VirtualObjectARView.swift; sourceTree = "<group>"; };
		C7F665737CAA698E52818AB8 /* Pods_HackHarvardTeamAJ.framework */ = {isa = PBXFileReference; explicitFileType = wrapper.framework; includeInIndex = 0; path = Pods_HackHarvardTeamAJ.framework; sourceTree = BUILT_PRODUCTS_DIR; };
		D475398D956EC6E0B6644BAC /* Pods-HackHarvardTeamAJ.release.xcconfig */ = {isa = PBXFileReference; includeInIndex = 1; lastKnownFileType = text.xcconfig; name = "Pods-HackHarvardTeamAJ.release.xcconfig"; path = "Pods/Target Support Files/Pods-HackHarvardTeamAJ/Pods-HackHarvardTeamAJ.release.xcconfig"; sourceTree = "<group>"; };
/* End PBXFileReference section */

/* Begin PBXFrameworksBuildPhase section */
		4F389770217AA8E8001DA848 /* Frameworks */ = {
			isa = PBXFrameworksBuildPhase;
			buildActionMask = 2147483647;
			files = (
				93995048BF02B5B2172769DC /* Pods_HackHarvardTeamAJ.framework in Frameworks */,
			);
			runOnlyForDeploymentPostprocessing = 0;
		};
/* End PBXFrameworksBuildPhase section */

/* Begin PBXGroup section */
		08BB2491E1ACF1AA4B9E4908 /* Frameworks */ = {
			isa = PBXGroup;
			children = (
				C7F665737CAA698E52818AB8 /* Pods_HackHarvardTeamAJ.framework */,
			);
			name = Frameworks;
			sourceTree = "<group>";
		};
		4B0083CB217AD31F00111DAC /* Virtual Objects */ = {
			isa = PBXGroup;
			children = (
				4B0083CC217AD31F00111DAC /* VirtualObjectLoader.swift */,
				4B0083CD217AD31F00111DAC /* VirtualObject.swift */,
			);
			path = "Virtual Objects";
			sourceTree = "<group>";
		};
		4B0083D3217AD31F00111DAC /* Focus Square */ = {
			isa = PBXGroup;
			children = (
				4B0083D4217AD31F00111DAC /* FocusSquareSegment.swift */,
				4B0083D5217AD31F00111DAC /* FocusSquare.swift */,
			);
			path = "Focus Square";
			sourceTree = "<group>";
		};
		4B0083D8217AD32100111DAC /* Resources */ = {
			isa = PBXGroup;
			children = (
				4B0083F8217AD64100111DAC /* Assets.xcassets */,
				4B0083F9217AD64200111DAC /* Models.scnassets */,
			);
			path = Resources;
			sourceTree = "<group>";
		};
		4B0083DD217AD32100111DAC /* Additional View Controllers */ = {
			isa = PBXGroup;
			children = (
				4B0083DE217AD32100111DAC /* VirtualObjectSelection.swift */,
				4B0083DF217AD32100111DAC /* StatusViewController.swift */,
			);
			path = "Additional View Controllers";
			sourceTree = "<group>";
		};
		4B0083E0217AD32100111DAC /* Utilities */ = {
			isa = PBXGroup;
			children = (
				4B0083E1217AD32100111DAC /* Utilities.swift */,
			);
			path = Utilities;
			sourceTree = "<group>";
		};
		4F38976A217AA8E8001DA848 = {
			isa = PBXGroup;
			children = (
				4F389775217AA8E8001DA848 /* HackHarvardTeamAJ */,
				4F389774217AA8E8001DA848 /* Products */,
				4F44DCE5217C36A70085113C /* Resources */,
				7771FA611EA8FA3F551A4426 /* Pods */,
				08BB2491E1ACF1AA4B9E4908 /* Frameworks */,
			);
			sourceTree = "<group>";
		};
		4F389774217AA8E8001DA848 /* Products */ = {
			isa = PBXGroup;
			children = (
				4F389773217AA8E8001DA848 /* HackHarvardTeamAJ.app */,
			);
			name = Products;
			sourceTree = "<group>";
		};
		4F389775217AA8E8001DA848 /* HackHarvardTeamAJ */ = {
			isa = PBXGroup;
			children = (
				4F44DCE0217C354B0085113C /* MallViews */,
				4B0083DD217AD32100111DAC /* Additional View Controllers */,
				4B0083D1217AD31F00111DAC /* AppDelegate.swift */,
				4B0083D3217AD31F00111DAC /* Focus Square */,
				4B0083D8217AD32100111DAC /* Resources */,
				4B0083D6217AD31F00111DAC /* ThresholdPanGesture.swift */,
				4B0083E0217AD32100111DAC /* Utilities */,
				4B0083CE217AD31F00111DAC /* ViewController.swift */,
				4B0083D2217AD31F00111DAC /* ViewController+Actions.swift */,
				4B0083CF217AD31F00111DAC /* ViewController+ARSCNViewDelegate.swift */,
				4B0083D7217AD31F00111DAC /* ViewController+ObjectSelection.swift */,
				4B0083CB217AD31F00111DAC /* Virtual Objects */,
				4F44DCF6217C63B80085113C /* VirtualObjectARView.swift */,
				4B0083D0217AD31F00111DAC /* VirtualObjectInteraction.swift */,
				4F44DCCC217AAB240085113C /* Podfile */,
				4B008418217ADE7500111DAC /* Main.storyboard */,
				4F389781217AA8EA001DA848 /* LaunchScreen.storyboard */,
				4F389784217AA8EA001DA848 /* Info.plist */,
				4B0083C9217AD31E00111DAC /* HackHarvardTeamAJ-Bridging-Header.h */,
			);
			path = HackHarvardTeamAJ;
			sourceTree = "<group>";
		};
		4F44DCE0217C354B0085113C /* MallViews */ = {
			isa = PBXGroup;
			children = (
				4F44DCE8217C52940085113C /* ShrineCollectionViewCell.swift */,
				4F44DCED217C52960085113C /* ShrineCollectionViewController.swift */,
				4F44DCEB217C52950085113C /* ShrineData.swift */,
				4F44DCEC217C52960085113C /* ShrineDetailViewController.swift */,
				4F44DCE6217C52930085113C /* ShrineFlexibleHeaderContainerViewController.swift */,
				4F44DCEA217C52950085113C /* ShrineHeaderContentView.swift */,
				4F44DCE7217C52940085113C /* ShrineHeaderPage.swift */,
				4F44DCE9217C52950085113C /* ShrineInkOverlay.swift */,
			);
			path = MallViews;
			sourceTree = "<group>";
		};
		4F44DCE5217C36A70085113C /* Resources */ = {
			isa = PBXGroup;
			children = (
				4B99B7E7217C6A3B005FAF2D /* AbrilFatface-Regular.ttf */,
				4B99B7E5217C6A30005FAF2D /* products.json */,
			);
			path = Resources;
			sourceTree = "<group>";
		};
		7771FA611EA8FA3F551A4426 /* Pods */ = {
			isa = PBXGroup;
			children = (
				2EAFC7B26B085F798C8ABBE1 /* Pods-HackHarvardTeamAJ.debug.xcconfig */,
				D475398D956EC6E0B6644BAC /* Pods-HackHarvardTeamAJ.release.xcconfig */,
			);
			name = Pods;
			sourceTree = "<group>";
		};
/* End PBXGroup section */

/* Begin PBXNativeTarget section */
		4F389772217AA8E8001DA848 /* HackHarvardTeamAJ */ = {
			isa = PBXNativeTarget;
			buildConfigurationList = 4F389787217AA8EA001DA848 /* Build configuration list for PBXNativeTarget "HackHarvardTeamAJ" */;
			buildPhases = (
				D5582DB14BFF6FA8BB5416F9 /* [CP] Check Pods Manifest.lock */,
				4F38976F217AA8E8001DA848 /* Sources */,
				4F389770217AA8E8001DA848 /* Frameworks */,
				4F389771217AA8E8001DA848 /* Resources */,
				2A0E42869672DF3DF99B3F28 /* [CP] Embed Pods Frameworks */,
			);
			buildRules = (
			);
			dependencies = (
			);
			name = HackHarvardTeamAJ;
			productName = HackHarvardTeamAJ;
			productReference = 4F389773217AA8E8001DA848 /* HackHarvardTeamAJ.app */;
			productType = "com.apple.product-type.application";
		};
/* End PBXNativeTarget section */

/* Begin PBXProject section */
		4F38976B217AA8E8001DA848 /* Project object */ = {
			isa = PBXProject;
			attributes = {
				LastSwiftUpdateCheck = 1000;
				LastUpgradeCheck = 1000;
				ORGANIZATIONNAME = HackHarvard;
				TargetAttributes = {
					4F389772217AA8E8001DA848 = {
						CreatedOnToolsVersion = 10.0;
						LastSwiftMigration = 1000;
					};
				};
			};
			buildConfigurationList = 4F38976E217AA8E8001DA848 /* Build configuration list for PBXProject "HackHarvardTeamAJ" */;
			compatibilityVersion = "Xcode 9.3";
			developmentRegion = en;
			hasScannedForEncodings = 0;
			knownRegions = (
				en,
				Base,
			);
			mainGroup = 4F38976A217AA8E8001DA848;
			productRefGroup = 4F389774217AA8E8001DA848 /* Products */;
			projectDirPath = "";
			projectRoot = "";
			targets = (
				4F389772217AA8E8001DA848 /* HackHarvardTeamAJ */,
			);
		};
/* End PBXProject section */

/* Begin PBXResourcesBuildPhase section */
		4F389771217AA8E8001DA848 /* Resources */ = {
			isa = PBXResourcesBuildPhase;
			buildActionMask = 2147483647;
			files = (
				4F44DCCD217AAB240085113C /* Podfile in Resources */,
				4B99B7E6217C6A30005FAF2D /* products.json in Resources */,
				4B0083F6217AD3B100111DAC /* LaunchScreen.storyboard in Resources */,
				4B008419217ADE7500111DAC /* Main.storyboard in Resources */,
				4B0083FB217AD64200111DAC /* Models.scnassets in Resources */,
				4B0083FA217AD64200111DAC /* Assets.xcassets in Resources */,
			);
			runOnlyForDeploymentPostprocessing = 0;
		};
/* End PBXResourcesBuildPhase section */

/* Begin PBXShellScriptBuildPhase section */
		2A0E42869672DF3DF99B3F28 /* [CP] Embed Pods Frameworks */ = {
			isa = PBXShellScriptBuildPhase;
			buildActionMask = 2147483647;
			files = (
			);
			inputPaths = (
				"${SRCROOT}/Pods/Target Support Files/Pods-HackHarvardTeamAJ/Pods-HackHarvardTeamAJ-frameworks.sh",
				"${BUILT_PRODUCTS_DIR}/MDFInternationalization/MDFInternationalization.framework",
				"${BUILT_PRODUCTS_DIR}/MDFTextAccessibility/MDFTextAccessibility.framework",
				"${BUILT_PRODUCTS_DIR}/MaterialComponents/MaterialComponents.framework",
				"${BUILT_PRODUCTS_DIR}/MotionAnimator/MotionAnimator.framework",
				"${BUILT_PRODUCTS_DIR}/MotionInterchange/MotionInterchange.framework",
				"${BUILT_PRODUCTS_DIR}/MotionTransitioning/MotionTransitioning.framework",
				"${BUILT_PRODUCTS_DIR}/RemoteImageServiceForMDCDemos/RemoteImageServiceForMDCDemos.framework",
				"${PODS_ROOT}/Reveal-SDK/RevealServer-18/iOS/RevealServer.framework",
				"${BUILT_PRODUCTS_DIR}/SDWebImage/SDWebImage.framework",
			);
			name = "[CP] Embed Pods Frameworks";
			outputPaths = (
				"${TARGET_BUILD_DIR}/${FRAMEWORKS_FOLDER_PATH}/MDFInternationalization.framework",
				"${TARGET_BUILD_DIR}/${FRAMEWORKS_FOLDER_PATH}/MDFTextAccessibility.framework",
				"${TARGET_BUILD_DIR}/${FRAMEWORKS_FOLDER_PATH}/MaterialComponents.framework",
				"${TARGET_BUILD_DIR}/${FRAMEWORKS_FOLDER_PATH}/MotionAnimator.framework",
				"${TARGET_BUILD_DIR}/${FRAMEWORKS_FOLDER_PATH}/MotionInterchange.framework",
				"${TARGET_BUILD_DIR}/${FRAMEWORKS_FOLDER_PATH}/MotionTransitioning.framework",
				"${TARGET_BUILD_DIR}/${FRAMEWORKS_FOLDER_PATH}/RemoteImageServiceForMDCDemos.framework",
				"${TARGET_BUILD_DIR}/${FRAMEWORKS_FOLDER_PATH}/RevealServer.framework",
				"${TARGET_BUILD_DIR}/${FRAMEWORKS_FOLDER_PATH}/SDWebImage.framework",
			);
			runOnlyForDeploymentPostprocessing = 0;
			shellPath = /bin/sh;
			shellScript = "\"${SRCROOT}/Pods/Target Support Files/Pods-HackHarvardTeamAJ/Pods-HackHarvardTeamAJ-frameworks.sh\"\n";
			showEnvVarsInLog = 0;
		};
		D5582DB14BFF6FA8BB5416F9 /* [CP] Check Pods Manifest.lock */ = {
			isa = PBXShellScriptBuildPhase;
			buildActionMask = 2147483647;
			files = (
			);
			inputPaths = (
				"${PODS_PODFILE_DIR_PATH}/Podfile.lock",
				"${PODS_ROOT}/Manifest.lock",
			);
			name = "[CP] Check Pods Manifest.lock";
			outputPaths = (
				"$(DERIVED_FILE_DIR)/Pods-HackHarvardTeamAJ-checkManifestLockResult.txt",
			);
			runOnlyForDeploymentPostprocessing = 0;
			shellPath = /bin/sh;
			shellScript = "diff \"${PODS_PODFILE_DIR_PATH}/Podfile.lock\" \"${PODS_ROOT}/Manifest.lock\" > /dev/null\nif [ $? != 0 ] ; then\n    # print error to STDERR\n    echo \"error: The sandbox is not in sync with the Podfile.lock. Run 'pod install' or update your CocoaPods installation.\" >&2\n    exit 1\nfi\n# This output is used by Xcode 'outputs' to avoid re-running this script phase.\necho \"SUCCESS\" > \"${SCRIPT_OUTPUT_FILE_0}\"\n";
			showEnvVarsInLog = 0;
		};
/* End PBXShellScriptBuildPhase section */

/* Begin PBXSourcesBuildPhase section */
		4F38976F217AA8E8001DA848 /* Sources */ = {
			isa = PBXSourcesBuildPhase;
			buildActionMask = 2147483647;
			files = (
				4B0083F3217AD32100111DAC /* StatusViewController.swift in Sources */,
				4B0083F2217AD32100111DAC /* VirtualObjectSelection.swift in Sources */,
				4B0083F4217AD32100111DAC /* Utilities.swift in Sources */,
				4B0083E3217AD32100111DAC /* VirtualObjectLoader.swift in Sources */,
				4B0083E9217AD32100111DAC /* ViewController+Actions.swift in Sources */,
				4B0083E5217AD32100111DAC /* ViewController.swift in Sources */,
				4F44DCF0217C52960085113C /* ShrineCollectionViewCell.swift in Sources */,
				4B0083EA217AD32100111DAC /* FocusSquareSegment.swift in Sources */,
				4B0083E6217AD32100111DAC /* ViewController+ARSCNViewDelegate.swift in Sources */,
				4F44DCEF217C52960085113C /* ShrineHeaderPage.swift in Sources */,
				4B0083ED217AD32100111DAC /* ViewController+ObjectSelection.swift in Sources */,
				4F44DCF5217C52960085113C /* ShrineCollectionViewController.swift in Sources */,
				4F44DCF3217C52960085113C /* ShrineData.swift in Sources */,
				4B0083E8217AD32100111DAC /* AppDelegate.swift in Sources */,
				4F44DCEE217C52960085113C /* ShrineFlexibleHeaderContainerViewController.swift in Sources */,
				4B0083E4217AD32100111DAC /* VirtualObject.swift in Sources */,
				4B0083E7217AD32100111DAC /* VirtualObjectInteraction.swift in Sources */,
				4F44DCF2217C52960085113C /* ShrineHeaderContentView.swift in Sources */,
				4B0083EB217AD32100111DAC /* FocusSquare.swift in Sources */,
				4B0083EC217AD32100111DAC /* ThresholdPanGesture.swift in Sources */,
				4F44DCF7217C63B80085113C /* VirtualObjectARView.swift in Sources */,
				4F44DCF4217C52960085113C /* ShrineDetailViewController.swift in Sources */,
				4F44DCF1217C52960085113C /* ShrineInkOverlay.swift in Sources */,
			);
			runOnlyForDeploymentPostprocessing = 0;
		};
/* End PBXSourcesBuildPhase section */

/* Begin PBXVariantGroup section */
		4F389781217AA8EA001DA848 /* LaunchScreen.storyboard */ = {
			isa = PBXVariantGroup;
			children = (
				4F389782217AA8EA001DA848 /* Base */,
			);
			name = LaunchScreen.storyboard;
			sourceTree = "<group>";
		};
/* End PBXVariantGroup section */

/* Begin XCBuildConfiguration section */
		4F389785217AA8EA001DA848 /* Debug */ = {
			isa = XCBuildConfiguration;
			buildSettings = {
				ALWAYS_SEARCH_USER_PATHS = NO;
				CLANG_ANALYZER_NONNULL = YES;
				CLANG_ANALYZER_NUMBER_OBJECT_CONVERSION = YES_AGGRESSIVE;
				CLANG_CXX_LANGUAGE_STANDARD = "gnu++14";
				CLANG_CXX_LIBRARY = "libc++";
				CLANG_ENABLE_MODULES = YES;
				CLANG_ENABLE_OBJC_ARC = YES;
				CLANG_ENABLE_OBJC_WEAK = YES;
				CLANG_WARN_BLOCK_CAPTURE_AUTORELEASING = YES;
				CLANG_WARN_BOOL_CONVERSION = YES;
				CLANG_WARN_COMMA = YES;
				CLANG_WARN_CONSTANT_CONVERSION = YES;
				CLANG_WARN_DEPRECATED_OBJC_IMPLEMENTATIONS = YES;
				CLANG_WARN_DIRECT_OBJC_ISA_USAGE = YES_ERROR;
				CLANG_WARN_DOCUMENTATION_COMMENTS = YES;
				CLANG_WARN_EMPTY_BODY = YES;
				CLANG_WARN_ENUM_CONVERSION = YES;
				CLANG_WARN_INFINITE_RECURSION = YES;
				CLANG_WARN_INT_CONVERSION = YES;
				CLANG_WARN_NON_LITERAL_NULL_CONVERSION = YES;
				CLANG_WARN_OBJC_IMPLICIT_RETAIN_SELF = YES;
				CLANG_WARN_OBJC_LITERAL_CONVERSION = YES;
				CLANG_WARN_OBJC_ROOT_CLASS = YES_ERROR;
				CLANG_WARN_RANGE_LOOP_ANALYSIS = YES;
				CLANG_WARN_STRICT_PROTOTYPES = YES;
				CLANG_WARN_SUSPICIOUS_MOVE = YES;
				CLANG_WARN_UNGUARDED_AVAILABILITY = YES_AGGRESSIVE;
				CLANG_WARN_UNREACHABLE_CODE = YES;
				CLANG_WARN__DUPLICATE_METHOD_MATCH = YES;
				CODE_SIGN_IDENTITY = "iPhone Developer";
				COPY_PHASE_STRIP = NO;
				DEBUG_INFORMATION_FORMAT = dwarf;
				ENABLE_STRICT_OBJC_MSGSEND = YES;
				ENABLE_TESTABILITY = YES;
				GCC_C_LANGUAGE_STANDARD = gnu11;
				GCC_DYNAMIC_NO_PIC = NO;
				GCC_NO_COMMON_BLOCKS = YES;
				GCC_OPTIMIZATION_LEVEL = 0;
				GCC_PREPROCESSOR_DEFINITIONS = (
					"DEBUG=1",
					"$(inherited)",
				);
				GCC_WARN_64_TO_32_BIT_CONVERSION = YES;
				GCC_WARN_ABOUT_RETURN_TYPE = YES_ERROR;
				GCC_WARN_UNDECLARED_SELECTOR = YES;
				GCC_WARN_UNINITIALIZED_AUTOS = YES_AGGRESSIVE;
				GCC_WARN_UNUSED_FUNCTION = YES;
				GCC_WARN_UNUSED_VARIABLE = YES;
				IPHONEOS_DEPLOYMENT_TARGET = 12.0;
				MTL_ENABLE_DEBUG_INFO = INCLUDE_SOURCE;
				MTL_FAST_MATH = YES;
				ONLY_ACTIVE_ARCH = YES;
				SDKROOT = iphoneos;
				SWIFT_ACTIVE_COMPILATION_CONDITIONS = DEBUG;
				SWIFT_OPTIMIZATION_LEVEL = "-Onone";
			};
			name = Debug;
		};
		4F389786217AA8EA001DA848 /* Release */ = {
			isa = XCBuildConfiguration;
			buildSettings = {
				ALWAYS_SEARCH_USER_PATHS = NO;
				CLANG_ANALYZER_NONNULL = YES;
				CLANG_ANALYZER_NUMBER_OBJECT_CONVERSION = YES_AGGRESSIVE;
				CLANG_CXX_LANGUAGE_STANDARD = "gnu++14";
				CLANG_CXX_LIBRARY = "libc++";
				CLANG_ENABLE_MODULES = YES;
				CLANG_ENABLE_OBJC_ARC = YES;
				CLANG_ENABLE_OBJC_WEAK = YES;
				CLANG_WARN_BLOCK_CAPTURE_AUTORELEASING = YES;
				CLANG_WARN_BOOL_CONVERSION = YES;
				CLANG_WARN_COMMA = YES;
				CLANG_WARN_CONSTANT_CONVERSION = YES;
				CLANG_WARN_DEPRECATED_OBJC_IMPLEMENTATIONS = YES;
				CLANG_WARN_DIRECT_OBJC_ISA_USAGE = YES_ERROR;
				CLANG_WARN_DOCUMENTATION_COMMENTS = YES;
				CLANG_WARN_EMPTY_BODY = YES;
				CLANG_WARN_ENUM_CONVERSION = YES;
				CLANG_WARN_INFINITE_RECURSION = YES;
				CLANG_WARN_INT_CONVERSION = YES;
				CLANG_WARN_NON_LITERAL_NULL_CONVERSION = YES;
				CLANG_WARN_OBJC_IMPLICIT_RETAIN_SELF = YES;
				CLANG_WARN_OBJC_LITERAL_CONVERSION = YES;
				CLANG_WARN_OBJC_ROOT_CLASS = YES_ERROR;
				CLANG_WARN_RANGE_LOOP_ANALYSIS = YES;
				CLANG_WARN_STRICT_PROTOTYPES = YES;
				CLANG_WARN_SUSPICIOUS_MOVE = YES;
				CLANG_WARN_UNGUARDED_AVAILABILITY = YES_AGGRESSIVE;
				CLANG_WARN_UNREACHABLE_CODE = YES;
				CLANG_WARN__DUPLICATE_METHOD_MATCH = YES;
				CODE_SIGN_IDENTITY = "iPhone Developer";
				COPY_PHASE_STRIP = NO;
				DEBUG_INFORMATION_FORMAT = "dwarf-with-dsym";
				ENABLE_NS_ASSERTIONS = NO;
				ENABLE_STRICT_OBJC_MSGSEND = YES;
				GCC_C_LANGUAGE_STANDARD = gnu11;
				GCC_NO_COMMON_BLOCKS = YES;
				GCC_WARN_64_TO_32_BIT_CONVERSION = YES;
				GCC_WARN_ABOUT_RETURN_TYPE = YES_ERROR;
				GCC_WARN_UNDECLARED_SELECTOR = YES;
				GCC_WARN_UNINITIALIZED_AUTOS = YES_AGGRESSIVE;
				GCC_WARN_UNUSED_FUNCTION = YES;
				GCC_WARN_UNUSED_VARIABLE = YES;
				IPHONEOS_DEPLOYMENT_TARGET = 12.0;
				MTL_ENABLE_DEBUG_INFO = NO;
				MTL_FAST_MATH = YES;
				SDKROOT = iphoneos;
				SWIFT_COMPILATION_MODE = wholemodule;
				SWIFT_OPTIMIZATION_LEVEL = "-O";
				VALIDATE_PRODUCT = YES;
			};
			name = Release;
		};
		4F389788217AA8EA001DA848 /* Debug */ = {
			isa = XCBuildConfiguration;
			baseConfigurationReference = 2EAFC7B26B085F798C8ABBE1 /* Pods-HackHarvardTeamAJ.debug.xcconfig */;
			buildSettings = {
				ASSETCATALOG_COMPILER_APPICON_NAME = AppIcon;
				CLANG_ENABLE_MODULES = YES;
				CODE_SIGN_IDENTITY = "iPhone Developer";
				CODE_SIGN_STYLE = Automatic;
				DEVELOPMENT_TEAM = HSVQ98ASKX;
				INFOPLIST_FILE = HackHarvardTeamAJ/Info.plist;
				LD_RUNPATH_SEARCH_PATHS = (
					"$(inherited)",
					"@executable_path/Frameworks",
				);
				PRODUCT_BUNDLE_IDENTIFIER = "hack-harvard.HackHarvardTeamAJ";
				PRODUCT_NAME = "$(TARGET_NAME)";
				PROVISIONING_PROFILE_SPECIFIER = "";
				SWIFT_OBJC_BRIDGING_HEADER = "HackHarvardTeamAJ/HackHarvardTeamAJ-Bridging-Header.h";
				SWIFT_OPTIMIZATION_LEVEL = "-Onone";
				SWIFT_VERSION = 4.0;
				TARGETED_DEVICE_FAMILY = "1,2";
			};
			name = Debug;
		};
		4F389789217AA8EA001DA848 /* Release */ = {
			isa = XCBuildConfiguration;
			baseConfigurationReference = D475398D956EC6E0B6644BAC /* Pods-HackHarvardTeamAJ.release.xcconfig */;
			buildSettings = {
				ASSETCATALOG_COMPILER_APPICON_NAME = AppIcon;
				CLANG_ENABLE_MODULES = YES;
				CODE_SIGN_IDENTITY = "iPhone Developer";
				CODE_SIGN_STYLE = Automatic;
				DEVELOPMENT_TEAM = HSVQ98ASKX;
				INFOPLIST_FILE = HackHarvardTeamAJ/Info.plist;
				LD_RUNPATH_SEARCH_PATHS = (
					"$(inherited)",
					"@executable_path/Frameworks",
				);
				PRODUCT_BUNDLE_IDENTIFIER = "hack-harvard.HackHarvardTeamAJ";
				PRODUCT_NAME = "$(TARGET_NAME)";
				PROVISIONING_PROFILE_SPECIFIER = "";
				SWIFT_OBJC_BRIDGING_HEADER = "HackHarvardTeamAJ/HackHarvardTeamAJ-Bridging-Header.h";
				SWIFT_VERSION = 4.0;
				TARGETED_DEVICE_FAMILY = "1,2";
			};
			name = Release;
		};
/* End XCBuildConfiguration section */

/* Begin XCConfigurationList section */
		4F38976E217AA8E8001DA848 /* Build configuration list for PBXProject "HackHarvardTeamAJ" */ = {
			isa = XCConfigurationList;
			buildConfigurations = (
				4F389785217AA8EA001DA848 /* Debug */,
				4F389786217AA8EA001DA848 /* Release */,
			);
			defaultConfigurationIsVisible = 0;
			defaultConfigurationName = Release;
		};
		4F389787217AA8EA001DA848 /* Build configuration list for PBXNativeTarget "HackHarvardTeamAJ" */ = {
			isa = XCConfigurationList;
			buildConfigurations = (
				4F389788217AA8EA001DA848 /* Debug */,
				4F389789217AA8EA001DA848 /* Release */,
			);
			defaultConfigurationIsVisible = 0;
			defaultConfigurationName = Release;
		};
/* End XCConfigurationList section */
	};
	rootObject = 4F38976B217AA8E8001DA848 /* Project object */;
}
