// !$*UTF8*$!
{
	archiveVersion = 1;
	classes = {
	};
	objectVersion = 50;
	objects = {

/* Begin PBXBuildFile section */
		4F389777217AA8E8001DA848 /* AppDelegate.swift in Sources */ = {isa = PBXBuildFile; fileRef = 4F389776217AA8E8001DA848 /* AppDelegate.swift */; };
		4F389779217AA8E8001DA848 /* art.scnassets in Resources */ = {isa = PBXBuildFile; fileRef = 4F389778217AA8E8001DA848 /* art.scnassets */; };
		4F38977B217AA8E8001DA848 /* ViewController.swift in Sources */ = {isa = PBXBuildFile; fileRef = 4F38977A217AA8E8001DA848 /* ViewController.swift */; };
		4F38977E217AA8E8001DA848 /* Main.storyboard in Resources */ = {isa = PBXBuildFile; fileRef = 4F38977C217AA8E8001DA848 /* Main.storyboard */; };
		4F389780217AA8EA001DA848 /* Assets.xcassets in Resources */ = {isa = PBXBuildFile; fileRef = 4F38977F217AA8EA001DA848 /* Assets.xcassets */; };
		4F389783217AA8EA001DA848 /* LaunchScreen.storyboard in Resources */ = {isa = PBXBuildFile; fileRef = 4F389781217AA8EA001DA848 /* LaunchScreen.storyboard */; };
		4F44DCCD217AAB240085113C /* Podfile in Resources */ = {isa = PBXBuildFile; fileRef = 4F44DCCC217AAB240085113C /* Podfile */; };
/* End PBXBuildFile section */

/* Begin PBXFileReference section */
		4F389773217AA8E8001DA848 /* HackHarvardTeamAJ.app */ = {isa = PBXFileReference; explicitFileType = wrapper.application; includeInIndex = 0; path = HackHarvardTeamAJ.app; sourceTree = BUILT_PRODUCTS_DIR; };
		4F389776217AA8E8001DA848 /* AppDelegate.swift */ = {isa = PBXFileReference; lastKnownFileType = sourcecode.swift; path = AppDelegate.swift; sourceTree = "<group>"; };
		4F389778217AA8E8001DA848 /* art.scnassets */ = {isa = PBXFileReference; lastKnownFileType = wrapper.scnassets; path = art.scnassets; sourceTree = "<group>"; };
		4F38977A217AA8E8001DA848 /* ViewController.swift */ = {isa = PBXFileReference; lastKnownFileType = sourcecode.swift; path = ViewController.swift; sourceTree = "<group>"; };
		4F38977D217AA8E8001DA848 /* Base */ = {isa = PBXFileReference; lastKnownFileType = file.storyboard; name = Base; path = Base.lproj/Main.storyboard; sourceTree = "<group>"; };
		4F38977F217AA8EA001DA848 /* Assets.xcassets */ = {isa = PBXFileReference; lastKnownFileType = folder.assetcatalog; path = Assets.xcassets; sourceTree = "<group>"; };
		4F389782217AA8EA001DA848 /* Base */ = {isa = PBXFileReference; lastKnownFileType = file.storyboard; name = Base; path = Base.lproj/LaunchScreen.storyboard; sourceTree = "<group>"; };
		4F389784217AA8EA001DA848 /* Info.plist */ = {isa = PBXFileReference; lastKnownFileType = text.plist.xml; path = Info.plist; sourceTree = "<group>"; };
		4F44DCCC217AAB240085113C /* Podfile */ = {isa = PBXFileReference; explicitFileType = text.script.ruby; fileEncoding = 4; path = Podfile; sourceTree = SOURCE_ROOT; };
/* End PBXFileReference section */

/* Begin PBXFrameworksBuildPhase section */
		4F389770217AA8E8001DA848 /* Frameworks */ = {
			isa = PBXFrameworksBuildPhase;
			buildActionMask = 2147483647;
			files = (
			);
			runOnlyForDeploymentPostprocessing = 0;
		};
/* End PBXFrameworksBuildPhase section */

/* Begin PBXGroup section */
		4F38976A217AA8E8001DA848 = {
			isa = PBXGroup;
			children = (
				4F389775217AA8E8001DA848 /* HackHarvardTeamAJ */,
				4F389774217AA8E8001DA848 /* Products */,
			);
			sourceTree = "<group>";
		};
		4F389774217AA8E8001DA848 /* Products */ = {
			isa = PBXGroup;
			children = (
				4F389773217AA8E8001DA848 /* HackHarvardTeamAJ.app */,
			);
			name = Products;
			sourceTree = "<group>";
		};
		4F389775217AA8E8001DA848 /* HackHarvardTeamAJ */ = {
			isa = PBXGroup;
			children = (
				4F44DCCC217AAB240085113C /* Podfile */,
				4F389776217AA8E8001DA848 /* AppDelegate.swift */,
				4F389778217AA8E8001DA848 /* art.scnassets */,
				4F38977A217AA8E8001DA848 /* ViewController.swift */,
				4F38977C217AA8E8001DA848 /* Main.storyboard */,
				4F38977F217AA8EA001DA848 /* Assets.xcassets */,
				4F389781217AA8EA001DA848 /* LaunchScreen.storyboard */,
				4F389784217AA8EA001DA848 /* Info.plist */,
			);
			path = HackHarvardTeamAJ;
			sourceTree = "<group>";
		};
/* End PBXGroup section */

/* Begin PBXNativeTarget section */
		4F389772217AA8E8001DA848 /* HackHarvardTeamAJ */ = {
			isa = PBXNativeTarget;
			buildConfigurationList = 4F389787217AA8EA001DA848 /* Build configuration list for PBXNativeTarget "HackHarvardTeamAJ" */;
			buildPhases = (
				4F38976F217AA8E8001DA848 /* Sources */,
				4F389770217AA8E8001DA848 /* Frameworks */,
				4F389771217AA8E8001DA848 /* Resources */,
			);
			buildRules = (
			);
			dependencies = (
			);
			name = HackHarvardTeamAJ;
			productName = HackHarvardTeamAJ;
			productReference = 4F389773217AA8E8001DA848 /* HackHarvardTeamAJ.app */;
			productType = "com.apple.product-type.application";
		};
/* End PBXNativeTarget section */

/* Begin PBXProject section */
		4F38976B217AA8E8001DA848 /* Project object */ = {
			isa = PBXProject;
			attributes = {
				LastSwiftUpdateCheck = 1000;
				LastUpgradeCheck = 1000;
				ORGANIZATIONNAME = HackHarvard;
				TargetAttributes = {
					4F389772217AA8E8001DA848 = {
						CreatedOnToolsVersion = 10.0;
					};
				};
			};
			buildConfigurationList = 4F38976E217AA8E8001DA848 /* Build configuration list for PBXProject "HackHarvardTeamAJ" */;
			compatibilityVersion = "Xcode 9.3";
			developmentRegion = en;
			hasScannedForEncodings = 0;
			knownRegions = (
				en,
				Base,
			);
			mainGroup = 4F38976A217AA8E8001DA848;
			productRefGroup = 4F389774217AA8E8001DA848 /* Products */;
			projectDirPath = "";
			projectRoot = "";
			targets = (
				4F389772217AA8E8001DA848 /* HackHarvardTeamAJ */,
			);
		};
/* End PBXProject section */

/* Begin PBXResourcesBuildPhase section */
		4F389771217AA8E8001DA848 /* Resources */ = {
			isa = PBXResourcesBuildPhase;
			buildActionMask = 2147483647;
			files = (
				4F44DCCD217AAB240085113C /* Podfile in Resources */,
				4F389779217AA8E8001DA848 /* art.scnassets in Resources */,
				4F389783217AA8EA001DA848 /* LaunchScreen.storyboard in Resources */,
				4F389780217AA8EA001DA848 /* Assets.xcassets in Resources */,
				4F38977E217AA8E8001DA848 /* Main.storyboard in Resources */,
			);
			runOnlyForDeploymentPostprocessing = 0;
		};
/* End PBXResourcesBuildPhase section */

/* Begin PBXSourcesBuildPhase section */
		4F38976F217AA8E8001DA848 /* Sources */ = {
			isa = PBXSourcesBuildPhase;
			buildActionMask = 2147483647;
			files = (
				4F38977B217AA8E8001DA848 /* ViewController.swift in Sources */,
				4F389777217AA8E8001DA848 /* AppDelegate.swift in Sources */,
			);
			runOnlyForDeploymentPostprocessing = 0;
		};
/* End PBXSourcesBuildPhase section */

/* Begin PBXVariantGroup section */
		4F38977C217AA8E8001DA848 /* Main.storyboard */ = {
			isa = PBXVariantGroup;
			children = (
				4F38977D217AA8E8001DA848 /* Base */,
			);
			name = Main.storyboard;
			sourceTree = "<group>";
		};
		4F389781217AA8EA001DA848 /* LaunchScreen.storyboard */ = {
			isa = PBXVariantGroup;
			children = (
				4F389782217AA8EA001DA848 /* Base */,
			);
			name = LaunchScreen.storyboard;
			sourceTree = "<group>";
		};
/* End PBXVariantGroup section */

/* Begin XCBuildConfiguration section */
		4F389785217AA8EA001DA848 /* Debug */ = {
			isa = XCBuildConfiguration;
			buildSettings = {
				ALWAYS_SEARCH_USER_PATHS = NO;
				CLANG_ANALYZER_NONNULL = YES;
				CLANG_ANALYZER_NUMBER_OBJECT_CONVERSION = YES_AGGRESSIVE;
				CLANG_CXX_LANGUAGE_STANDARD = "gnu++14";
				CLANG_CXX_LIBRARY = "libc++";
				CLANG_ENABLE_MODULES = YES;
				CLANG_ENABLE_OBJC_ARC = YES;
				CLANG_ENABLE_OBJC_WEAK = YES;
				CLANG_WARN_BLOCK_CAPTURE_AUTORELEASING = YES;
				CLANG_WARN_BOOL_CONVERSION = YES;
				CLANG_WARN_COMMA = YES;
				CLANG_WARN_CONSTANT_CONVERSION = YES;
				CLANG_WARN_DEPRECATED_OBJC_IMPLEMENTATIONS = YES;
				CLANG_WARN_DIRECT_OBJC_ISA_USAGE = YES_ERROR;
				CLANG_WARN_DOCUMENTATION_COMMENTS = YES;
				CLANG_WARN_EMPTY_BODY = YES;
				CLANG_WARN_ENUM_CONVERSION = YES;
				CLANG_WARN_INFINITE_RECURSION = YES;
				CLANG_WARN_INT_CONVERSION = YES;
				CLANG_WARN_NON_LITERAL_NULL_CONVERSION = YES;
				CLANG_WARN_OBJC_IMPLICIT_RETAIN_SELF = YES;
				CLANG_WARN_OBJC_LITERAL_CONVERSION = YES;
				CLANG_WARN_OBJC_ROOT_CLASS = YES_ERROR;
				CLANG_WARN_RANGE_LOOP_ANALYSIS = YES;
				CLANG_WARN_STRICT_PROTOTYPES = YES;
				CLANG_WARN_SUSPICIOUS_MOVE = YES;
				CLANG_WARN_UNGUARDED_AVAILABILITY = YES_AGGRESSIVE;
				CLANG_WARN_UNREACHABLE_CODE = YES;
				CLANG_WARN__DUPLICATE_METHOD_MATCH = YES;
				CODE_SIGN_IDENTITY = "iPhone Developer";
				COPY_PHASE_STRIP = NO;
				DEBUG_INFORMATION_FORMAT = dwarf;
				ENABLE_STRICT_OBJC_MSGSEND = YES;
				ENABLE_TESTABILITY = YES;
				GCC_C_LANGUAGE_STANDARD = gnu11;
				GCC_DYNAMIC_NO_PIC = NO;
				GCC_NO_COMMON_BLOCKS = YES;
				GCC_OPTIMIZATION_LEVEL = 0;
				GCC_PREPROCESSOR_DEFINITIONS = (
					"DEBUG=1",
					"$(inherited)",
				);
				GCC_WARN_64_TO_32_BIT_CONVERSION = YES;
				GCC_WARN_ABOUT_RETURN_TYPE = YES_ERROR;
				GCC_WARN_UNDECLARED_SELECTOR = YES;
				GCC_WARN_UNINITIALIZED_AUTOS = YES_AGGRESSIVE;
				GCC_WARN_UNUSED_FUNCTION = YES;
				GCC_WARN_UNUSED_VARIABLE = YES;
				IPHONEOS_DEPLOYMENT_TARGET = 12.0;
				MTL_ENABLE_DEBUG_INFO = INCLUDE_SOURCE;
				MTL_FAST_MATH = YES;
				ONLY_ACTIVE_ARCH = YES;
				SDKROOT = iphoneos;
				SWIFT_ACTIVE_COMPILATION_CONDITIONS = DEBUG;
				SWIFT_OPTIMIZATION_LEVEL = "-Onone";
			};
			name = Debug;
		};
		4F389786217AA8EA001DA848 /* Release */ = {
			isa = XCBuildConfiguration;
			buildSettings = {
				ALWAYS_SEARCH_USER_PATHS = NO;
				CLANG_ANALYZER_NONNULL = YES;
				CLANG_ANALYZER_NUMBER_OBJECT_CONVERSION = YES_AGGRESSIVE;
				CLANG_CXX_LANGUAGE_STANDARD = "gnu++14";
				CLANG_CXX_LIBRARY = "libc++";
				CLANG_ENABLE_MODULES = YES;
				CLANG_ENABLE_OBJC_ARC = YES;
				CLANG_ENABLE_OBJC_WEAK = YES;
				CLANG_WARN_BLOCK_CAPTURE_AUTORELEASING = YES;
				CLANG_WARN_BOOL_CONVERSION = YES;
				CLANG_WARN_COMMA = YES;
				CLANG_WARN_CONSTANT_CONVERSION = YES;
				CLANG_WARN_DEPRECATED_OBJC_IMPLEMENTATIONS = YES;
				CLANG_WARN_DIRECT_OBJC_ISA_USAGE = YES_ERROR;
				CLANG_WARN_DOCUMENTATION_COMMENTS = YES;
				CLANG_WARN_EMPTY_BODY = YES;
				CLANG_WARN_ENUM_CONVERSION = YES;
				CLANG_WARN_INFINITE_RECURSION = YES;
				CLANG_WARN_INT_CONVERSION = YES;
				CLANG_WARN_NON_LITERAL_NULL_CONVERSION = YES;
				CLANG_WARN_OBJC_IMPLICIT_RETAIN_SELF = YES;
				CLANG_WARN_OBJC_LITERAL_CONVERSION = YES;
				CLANG_WARN_OBJC_ROOT_CLASS = YES_ERROR;
				CLANG_WARN_RANGE_LOOP_ANALYSIS = YES;
				CLANG_WARN_STRICT_PROTOTYPES = YES;
				CLANG_WARN_SUSPICIOUS_MOVE = YES;
				CLANG_WARN_UNGUARDED_AVAILABILITY = YES_AGGRESSIVE;
				CLANG_WARN_UNREACHABLE_CODE = YES;
				CLANG_WARN__DUPLICATE_METHOD_MATCH = YES;
				CODE_SIGN_IDENTITY = "iPhone Developer";
				COPY_PHASE_STRIP = NO;
				DEBUG_INFORMATION_FORMAT = "dwarf-with-dsym";
				ENABLE_NS_ASSERTIONS = NO;
				ENABLE_STRICT_OBJC_MSGSEND = YES;
				GCC_C_LANGUAGE_STANDARD = gnu11;
				GCC_NO_COMMON_BLOCKS = YES;
				GCC_WARN_64_TO_32_BIT_CONVERSION = YES;
				GCC_WARN_ABOUT_RETURN_TYPE = YES_ERROR;
				GCC_WARN_UNDECLARED_SELECTOR = YES;
				GCC_WARN_UNINITIALIZED_AUTOS = YES_AGGRESSIVE;
				GCC_WARN_UNUSED_FUNCTION = YES;
				GCC_WARN_UNUSED_VARIABLE = YES;
				IPHONEOS_DEPLOYMENT_TARGET = 12.0;
				MTL_ENABLE_DEBUG_INFO = NO;
				MTL_FAST_MATH = YES;
				SDKROOT = iphoneos;
				SWIFT_COMPILATION_MODE = wholemodule;
				SWIFT_OPTIMIZATION_LEVEL = "-O";
				VALIDATE_PRODUCT = YES;
			};
			name = Release;
		};
		4F389788217AA8EA001DA848 /* Debug */ = {
			isa = XCBuildConfiguration;
			buildSettings = {
				ASSETCATALOG_COMPILER_APPICON_NAME = AppIcon;
				CODE_SIGN_STYLE = Automatic;
				DEVELOPMENT_TEAM = 36275G376U;
				INFOPLIST_FILE = HackHarvardTeamAJ/Info.plist;
				LD_RUNPATH_SEARCH_PATHS = (
					"$(inherited)",
					"@executable_path/Frameworks",
				);
				PRODUCT_BUNDLE_IDENTIFIER = "hack-harvard.HackHarvardTeamAJ";
				PRODUCT_NAME = "$(TARGET_NAME)";
				SWIFT_VERSION = 4.2;
				TARGETED_DEVICE_FAMILY = "1,2";
			};
			name = Debug;
		};
		4F389789217AA8EA001DA848 /* Release */ = {
			isa = XCBuildConfiguration;
			buildSettings = {
				ASSETCATALOG_COMPILER_APPICON_NAME = AppIcon;
				CODE_SIGN_STYLE = Automatic;
				DEVELOPMENT_TEAM = 36275G376U;
				INFOPLIST_FILE = HackHarvardTeamAJ/Info.plist;
				LD_RUNPATH_SEARCH_PATHS = (
					"$(inherited)",
					"@executable_path/Frameworks",
				);
				PRODUCT_BUNDLE_IDENTIFIER = "hack-harvard.HackHarvardTeamAJ";
				PRODUCT_NAME = "$(TARGET_NAME)";
				SWIFT_VERSION = 4.2;
				TARGETED_DEVICE_FAMILY = "1,2";
			};
			name = Release;
		};
/* End XCBuildConfiguration section */

/* Begin XCConfigurationList section */
		4F38976E217AA8E8001DA848 /* Build configuration list for PBXProject "HackHarvardTeamAJ" */ = {
			isa = XCConfigurationList;
			buildConfigurations = (
				4F389785217AA8EA001DA848 /* Debug */,
				4F389786217AA8EA001DA848 /* Release */,
			);
			defaultConfigurationIsVisible = 0;
			defaultConfigurationName = Release;
		};
		4F389787217AA8EA001DA848 /* Build configuration list for PBXNativeTarget "HackHarvardTeamAJ" */ = {
			isa = XCConfigurationList;
			buildConfigurations = (
				4F389788217AA8EA001DA848 /* Debug */,
				4F389789217AA8EA001DA848 /* Release */,
			);
			defaultConfigurationIsVisible = 0;
			defaultConfigurationName = Release;
		};
/* End XCConfigurationList section */
	};
	rootObject = 4F38976B217AA8E8001DA848 /* Project object */;
}
